
Microsoft Visual Studio Solution File, Format Version 12.00
# Visual Studio Version 16
VisualStudioVersion = 16.0.29123.88
MinimumVisualStudioVersion = 10.0.40219.1
Project("{FAE04EC0-301F-11D3-BF4B-00C04F79EFBC}") = "ReservaSala", "ReservaSala.csproj", "{1DD09F00-41D4-4240-B493-5682A2EBB1C7}"
EndProject
Global
	GlobalSection(SolutionConfigurationPlatforms) = preSolution
		Debug|Any CPU = Debug|Any CPU
		Release|Any CPU = Release|Any CPU
	EndGlobalSection
	GlobalSection(ProjectConfigurationPlatforms) = postSolution
		{1DD09F00-41D4-4240-B493-5682A2EBB1C7}.Debug|Any CPU.ActiveCfg = Debug|Any CPU
		{1DD09F00-41D4-4240-B493-5682A2EBB1C7}.Debug|Any CPU.Build.0 = Debug|Any CPU
		{1DD09F00-41D4-4240-B493-5682A2EBB1C7}.Release|Any CPU.ActiveCfg = Release|Any CPU
		{1DD09F00-41D4-4240-B493-5682A2EBB1C7}.Release|Any CPU.Build.0 = Release|Any CPU
	EndGlobalSection
	GlobalSection(SolutionProperties) = preSolution
		HideSolutionNode = FALSE
	EndGlobalSection
	GlobalSection(ExtensibilityGlobals) = postSolution
		SolutionGuid = {11B43D57-110F-42A2-BC54-0EEF75AC9794}
	EndGlobalSection
EndGlobal
